
Microsoft Visual Studio Solution File, Format Version 12.00
# Visual Studio 15
VisualStudioVersion = 15.0.26730.16
MinimumVisualStudioVersion = 10.0.40219.1
Project("{FAE04EC0-301F-11D3-BF4B-00C04F79EFBC}") = "TP_Point", "l_objet\TP_Point.csproj", "{4BF9CDE1-807B-461B-9F20-39BC62A2ED3B}"
EndProject
Project("{FAE04EC0-301F-11D3-BF4B-00C04F79EFBC}") = "loginV2", "loginV2\loginV2.csproj", "{E8FF600D-19E7-4F77-9A98-AC914913B8A2}"
EndProject
Project("{FAE04EC0-301F-11D3-BF4B-00C04F79EFBC}") = "Kilou", "Kilou\Kilou.csproj", "{3E93177F-34C8-4C65-A83B-1AED87F26073}"
EndProject
Global
	GlobalSection(SolutionConfigurationPlatforms) = preSolution
		Debug|Any CPU = Debug|Any CPU
		Release|Any CPU = Release|Any CPU
	EndGlobalSection
	GlobalSection(ProjectConfigurationPlatforms) = postSolution
		{4BF9CDE1-807B-461B-9F20-39BC62A2ED3B}.Debug|Any CPU.ActiveCfg = Debug|Any CPU
		{4BF9CDE1-807B-461B-9F20-39BC62A2ED3B}.Debug|Any CPU.Build.0 = Debug|Any CPU
		{4BF9CDE1-807B-461B-9F20-39BC62A2ED3B}.Release|Any CPU.ActiveCfg = Release|Any CPU
		{4BF9CDE1-807B-461B-9F20-39BC62A2ED3B}.Release|Any CPU.Build.0 = Release|Any CPU
		{E8FF600D-19E7-4F77-9A98-AC914913B8A2}.Debug|Any CPU.ActiveCfg = Debug|Any CPU
		{E8FF600D-19E7-4F77-9A98-AC914913B8A2}.Debug|Any CPU.Build.0 = Debug|Any CPU
		{E8FF600D-19E7-4F77-9A98-AC914913B8A2}.Release|Any CPU.ActiveCfg = Release|Any CPU
		{E8FF600D-19E7-4F77-9A98-AC914913B8A2}.Release|Any CPU.Build.0 = Release|Any CPU
		{3E93177F-34C8-4C65-A83B-1AED87F26073}.Debug|Any CPU.ActiveCfg = Debug|Any CPU
		{3E93177F-34C8-4C65-A83B-1AED87F26073}.Debug|Any CPU.Build.0 = Debug|Any CPU
		{3E93177F-34C8-4C65-A83B-1AED87F26073}.Release|Any CPU.ActiveCfg = Release|Any CPU
		{3E93177F-34C8-4C65-A83B-1AED87F26073}.Release|Any CPU.Build.0 = Release|Any CPU
	EndGlobalSection
	GlobalSection(SolutionProperties) = preSolution
		HideSolutionNode = FALSE
	EndGlobalSection
	GlobalSection(ExtensibilityGlobals) = postSolution
		SolutionGuid = {90AC7E1C-5C08-4799-89DA-4EE624CB60DE}
	EndGlobalSection
EndGlobal
